
Microsoft Visual Studio Solution File, Format Version 12.00
# Visual Studio Version 16
VisualStudioVersion = 16.0.30523.141
MinimumVisualStudioVersion = 10.0.40219.1
Project("{FAE04EC0-301F-11D3-BF4B-00C04F79EFBC}") = "interfaces", "interfaces\interfaces.csproj", "{C40F5681-69E9-4F46-BA94-57DD7CB0C59C}"
EndProject
Project("{FAE04EC0-301F-11D3-BF4B-00C04F79EFBC}") = "IClonable", "IClonable\IClonable.csproj", "{A0EFA546-7FF0-413D-A585-FDCB59615602}"
EndProject
Project("{FAE04EC0-301F-11D3-BF4B-00C04F79EFBC}") = "Icompare", "Icompare\Icompare.csproj", "{C13C1A7D-93B6-4ABD-80F4-1A869CB8EEA8}"
EndProject
Project("{FAE04EC0-301F-11D3-BF4B-00C04F79EFBC}") = "Callback", "Callback\Callback.csproj", "{FF191302-5500-4DA5-AD87-F0F7B35C83FA}"
EndProject
Project("{FAE04EC0-301F-11D3-BF4B-00C04F79EFBC}") = "delegados", "delegados\delegados.csproj", "{92D84172-AC69-49F3-8A56-7C8EA2EE2E43}"
EndProject
Global
	GlobalSection(SolutionConfigurationPlatforms) = preSolution
		Debug|Any CPU = Debug|Any CPU
		Release|Any CPU = Release|Any CPU
	EndGlobalSection
	GlobalSection(ProjectConfigurationPlatforms) = postSolution
		{C40F5681-69E9-4F46-BA94-57DD7CB0C59C}.Debug|Any CPU.ActiveCfg = Debug|Any CPU
		{C40F5681-69E9-4F46-BA94-57DD7CB0C59C}.Debug|Any CPU.Build.0 = Debug|Any CPU
		{C40F5681-69E9-4F46-BA94-57DD7CB0C59C}.Release|Any CPU.ActiveCfg = Release|Any CPU
		{C40F5681-69E9-4F46-BA94-57DD7CB0C59C}.Release|Any CPU.Build.0 = Release|Any CPU
		{A0EFA546-7FF0-413D-A585-FDCB59615602}.Debug|Any CPU.ActiveCfg = Debug|Any CPU
		{A0EFA546-7FF0-413D-A585-FDCB59615602}.Debug|Any CPU.Build.0 = Debug|Any CPU
		{A0EFA546-7FF0-413D-A585-FDCB59615602}.Release|Any CPU.ActiveCfg = Release|Any CPU
		{A0EFA546-7FF0-413D-A585-FDCB59615602}.Release|Any CPU.Build.0 = Release|Any CPU
		{C13C1A7D-93B6-4ABD-80F4-1A869CB8EEA8}.Debug|Any CPU.ActiveCfg = Debug|Any CPU
		{C13C1A7D-93B6-4ABD-80F4-1A869CB8EEA8}.Debug|Any CPU.Build.0 = Debug|Any CPU
		{C13C1A7D-93B6-4ABD-80F4-1A869CB8EEA8}.Release|Any CPU.ActiveCfg = Release|Any CPU
		{C13C1A7D-93B6-4ABD-80F4-1A869CB8EEA8}.Release|Any CPU.Build.0 = Release|Any CPU
		{FF191302-5500-4DA5-AD87-F0F7B35C83FA}.Debug|Any CPU.ActiveCfg = Debug|Any CPU
		{FF191302-5500-4DA5-AD87-F0F7B35C83FA}.Debug|Any CPU.Build.0 = Debug|Any CPU
		{FF191302-5500-4DA5-AD87-F0F7B35C83FA}.Release|Any CPU.ActiveCfg = Release|Any CPU
		{FF191302-5500-4DA5-AD87-F0F7B35C83FA}.Release|Any CPU.Build.0 = Release|Any CPU
		{92D84172-AC69-49F3-8A56-7C8EA2EE2E43}.Debug|Any CPU.ActiveCfg = Debug|Any CPU
		{92D84172-AC69-49F3-8A56-7C8EA2EE2E43}.Debug|Any CPU.Build.0 = Debug|Any CPU
		{92D84172-AC69-49F3-8A56-7C8EA2EE2E43}.Release|Any CPU.ActiveCfg = Release|Any CPU
		{92D84172-AC69-49F3-8A56-7C8EA2EE2E43}.Release|Any CPU.Build.0 = Release|Any CPU
	EndGlobalSection
	GlobalSection(SolutionProperties) = preSolution
		HideSolutionNode = FALSE
	EndGlobalSection
	GlobalSection(ExtensibilityGlobals) = postSolution
		SolutionGuid = {7DCA5775-CA5C-4CE7-B52B-FB41DD161638}
	EndGlobalSection
EndGlobal
